
Microsoft Visual Studio Solution File, Format Version 12.00
# Visual Studio Version 17
VisualStudioVersion = 17.5.002.0
MinimumVisualStudioVersion = 10.0.40219.1
Project("{9A19103F-16F7-4668-BE54-9A1E7A4F7556}") = "dcit318-assignment1-10982383", "dcit318-assignment1-10982383.csproj", "{4A38D2BF-97AF-45A8-982B-0532861334FE}"
EndProject
Global
	GlobalSection(SolutionConfigurationPlatforms) = preSolution
		Debug|Any CPU = Debug|Any CPU
		Release|Any CPU = Release|Any CPU
	EndGlobalSection
	GlobalSection(ProjectConfigurationPlatforms) = postSolution
		{4A38D2BF-97AF-45A8-982B-0532861334FE}.Debug|Any CPU.ActiveCfg = Debug|Any CPU
		{4A38D2BF-97AF-45A8-982B-0532861334FE}.Debug|Any CPU.Build.0 = Debug|Any CPU
		{4A38D2BF-97AF-45A8-982B-0532861334FE}.Release|Any CPU.ActiveCfg = Release|Any CPU
		{4A38D2BF-97AF-45A8-982B-0532861334FE}.Release|Any CPU.Build.0 = Release|Any CPU
	EndGlobalSection
	GlobalSection(SolutionProperties) = preSolution
		HideSolutionNode = FALSE
	EndGlobalSection
	GlobalSection(ExtensibilityGlobals) = postSolution
		SolutionGuid = {31D1A4C3-50EB-4488-A87B-7A1B0A4AFBC8}
	EndGlobalSection
EndGlobal
